
Microsoft Visual Studio Solution File, Format Version 12.00
# Visual Studio Version 17
VisualStudioVersion = 17.14.36310.24 d17.14
MinimumVisualStudioVersion = 10.0.40219.1
Project("{FAE04EC0-301F-11D3-BF4B-00C04F79EFBC}") = "MVCProyecto", "MVCProyecto\MVCProyecto.csproj", "{242B8006-EEE6-45B6-B3EB-88131A9DE8F5}"
EndProject
Global
	GlobalSection(SolutionConfigurationPlatforms) = preSolution
		Debug|Any CPU = Debug|Any CPU
		Release|Any CPU = Release|Any CPU
	EndGlobalSection
	GlobalSection(ProjectConfigurationPlatforms) = postSolution
		{242B8006-EEE6-45B6-B3EB-88131A9DE8F5}.Debug|Any CPU.ActiveCfg = Debug|Any CPU
		{242B8006-EEE6-45B6-B3EB-88131A9DE8F5}.Debug|Any CPU.Build.0 = Debug|Any CPU
		{242B8006-EEE6-45B6-B3EB-88131A9DE8F5}.Release|Any CPU.ActiveCfg = Release|Any CPU
		{242B8006-EEE6-45B6-B3EB-88131A9DE8F5}.Release|Any CPU.Build.0 = Release|Any CPU
	EndGlobalSection
	GlobalSection(SolutionProperties) = preSolution
		HideSolutionNode = FALSE
	EndGlobalSection
	GlobalSection(ExtensibilityGlobals) = postSolution
		SolutionGuid = {893112E9-EB52-46FD-9D02-195AAC93555B}
	EndGlobalSection
EndGlobal
